<?xml version="1.0" encoding="utf-8"?>
<Project ToolsVersion="4.0" xmlns="http://schemas.microsoft.com/developer/msbuild/2003">
  <ItemGroup>
    <Filter Include="Net">
      <UniqueIdentifier>{41f82e89-2024-480c-b1c1-b50b751a2eaa}</UniqueIdentifier>
    </Filter>
    <Filter Include="tinyxml2">
      <UniqueIdentifier>{43d91504-0b10-4554-8aa1-18db4462338f}</UniqueIdentifier>
    </Filter>
    <Filter Include="Config">
      <UniqueIdentifier>{d19ef2fa-eb97-4945-843a-55e70db47273}</UniqueIdentifier>
    </Filter>
    <Filter Include="MySQL">
      <UniqueIdentifier>{136f3faf-8d25-4d14-bb0b-5aa7f4c8bbed}</UniqueIdentifier>
    </Filter>
    <Filter Include="Util">
      <UniqueIdentifier>{7f47bcff-9277-4755-893d-044492cc6c0a}</UniqueIdentifier>
    </Filter>
    <Filter Include="Http">
      <UniqueIdentifier>{68197aff-f017-42a1-b547-d17b62bebf06}</UniqueIdentifier>
    </Filter>
  </ItemGroup>
  <ItemGroup>
    <ClInclude Include="Macro.h" />
    <ClInclude Include="Net\NetServer.h">
      <Filter>Net</Filter>
    </ClInclude>
    <ClInclude Include="tinyxml2\tinyxml2.h">
      <Filter>tinyxml2</Filter>
    </ClInclude>
    <ClInclude Include="Config\LuaWrap.h">
      <Filter>Config</Filter>
    </ClInclude>
    <ClInclude Include="MySQL\MySQLResult.h">
      <Filter>MySQL</Filter>
    </ClInclude>
    <ClInclude Include="MySQL\MySQLWrap.h">
      <Filter>MySQL</Filter>
    </ClInclude>
    <ClInclude Include="Net\NetDefine.h">
      <Filter>Net</Filter>
    </ClInclude>
    <ClInclude Include="Net\NetListener.h">
      <Filter>Net</Filter>
    </ClInclude>
    <ClInclude Include="Net\NetPackageHeader.h">
      <Filter>Net</Filter>
    </ClInclude>
    <ClInclude Include="Util\ByteBuffer.h">
      <Filter>Util</Filter>
    </ClInclude>
    <ClInclude Include="Util\DataUtil.h">
      <Filter>Util</Filter>
    </ClInclude>
    <ClInclude Include="Util\LockQueue.h">
      <Filter>Util</Filter>
    </ClInclude>
    <ClInclude Include="Util\StringUtil.h">
      <Filter>Util</Filter>
    </ClInclude>
    <ClInclude Include="Util\TimeUtil.h">
      <Filter>Util</Filter>
    </ClInclude>
    <ClInclude Include="Net\NetConnection.h">
      <Filter>Net</Filter>
    </ClInclude>
    <ClInclude Include="Net\NetConnectionManager.h">
      <Filter>Net</Filter>
    </ClInclude>
    <ClInclude Include="Http\HttpServer.h">
      <Filter>Http</Filter>
    </ClInclude>
  </ItemGroup>
  <ItemGroup>
    <ClCompile Include="Net\NetServer.cpp">
      <Filter>Net</Filter>
    </ClCompile>
    <ClCompile Include="tinyxml2\tinyxml2.cpp">
      <Filter>tinyxml2</Filter>
    </ClCompile>
    <ClCompile Include="Config\LuaWrap.cpp">
      <Filter>Config</Filter>
    </ClCompile>
    <ClCompile Include="MySQL\MySQLResult.cpp">
      <Filter>MySQL</Filter>
    </ClCompile>
    <ClCompile Include="MySQL\MySQLWrap.cpp">
      <Filter>MySQL</Filter>
    </ClCompile>
    <ClCompile Include="Net\NetListener.cpp">
      <Filter>Net</Filter>
    </ClCompile>
    <ClCompile Include="Net\NetPackageHeader.cpp">
      <Filter>Net</Filter>
    </ClCompile>
    <ClCompile Include="Util\ByteBuffer.cpp">
      <Filter>Util</Filter>
    </ClCompile>
    <ClCompile Include="Util\DataUtil.cpp">
      <Filter>Util</Filter>
    </ClCompile>
    <ClCompile Include="Util\StringUtil.cpp">
      <Filter>Util</Filter>
    </ClCompile>
    <ClCompile Include="Util\TimeUtil.cpp">
      <Filter>Util</Filter>
    </ClCompile>
    <ClCompile Include="Net\NetConnection.cpp">
      <Filter>Net</Filter>
    </ClCompile>
    <ClCompile Include="Net\NetDefine.cpp">
      <Filter>Net</Filter>
    </ClCompile>
    <ClCompile Include="Net\NetConnectionManager.cpp">
      <Filter>Net</Filter>
    </ClCompile>
    <ClCompile Include="Http\HttpServer.cpp">
      <Filter>Http</Filter>
    </ClCompile>
  </ItemGroup>
</Project>